// !$*UTF8*$!
{
	archiveVersion = 1;
	classes = {
	};
	objectVersion = 56;
	objects = {

/* Begin PBXBuildFile section */
		A10B47F92A485233006F96E5 /* UsageTrackerApp.swift in Sources */ = {isa = PBXBuildFile; fileRef = A10B47F82A485233006F96E5 /* UsageTrackerApp.swift */; };
		A10B47FB2A485233006F96E5 /* ContentView.swift in Sources */ = {isa = PBXBuildFile; fileRef = A10B47FA2A485233006F96E5 /* ContentView.swift */; };
		A10B47FD2A485234006F96E5 /* Assets.xcassets in Resources */ = {isa = PBXBuildFile; fileRef = A10B47FC2A485234006F96E5 /* Assets.xcassets */; };
		A10B48002A485234006F96E5 /* Preview Assets.xcassets in Resources */ = {isa = PBXBuildFile; fileRef = A10B47FF2A485234006F96E5 /* Preview Assets.xcassets */; };
		A10B48082A485248006F96E5 /* Model.xcdatamodeld in Sources */ = {isa = PBXBuildFile; fileRef = A10B48062A485248006F96E5 /* Model.xcdatamodeld */; };
		A10B480A2A485333006F96E5 /* DataController.swift in Sources */ = {isa = PBXBuildFile; fileRef = A10B48092A485333006F96E5 /* DataController.swift */; };
		A10B480C2A4877A2006F96E5 /* Filter.swift in Sources */ = {isa = PBXBuildFile; fileRef = A10B480B2A4877A2006F96E5 /* Filter.swift */; };
		A10B480E2A487A51006F96E5 /* UsageCategory-CoreDataHelpers.swift in Sources */ = {isa = PBXBuildFile; fileRef = A10B480D2A487A51006F96E5 /* UsageCategory-CoreDataHelpers.swift */; };
		A10B48102A487A5E006F96E5 /* Usage-CoreDataHelpers.swift in Sources */ = {isa = PBXBuildFile; fileRef = A10B480F2A487A5E006F96E5 /* Usage-CoreDataHelpers.swift */; };
		A10B48122A4885C3006F96E5 /* SidebarView.swift in Sources */ = {isa = PBXBuildFile; fileRef = A10B48112A4885C3006F96E5 /* SidebarView.swift */; };
		A10B48142A4885D7006F96E5 /* SmartFilterRow.swift in Sources */ = {isa = PBXBuildFile; fileRef = A10B48132A4885D7006F96E5 /* SmartFilterRow.swift */; };
		A10B48162A4885ED006F96E5 /* CategoryFilterRow.swift in Sources */ = {isa = PBXBuildFile; fileRef = A10B48152A4885ED006F96E5 /* CategoryFilterRow.swift */; };
		A10B48182A4885F9006F96E5 /* DetailView.swift in Sources */ = {isa = PBXBuildFile; fileRef = A10B48172A4885F9006F96E5 /* DetailView.swift */; };
		A10B481A2A48860F006F96E5 /* NoUsageView.swift in Sources */ = {isa = PBXBuildFile; fileRef = A10B48192A48860F006F96E5 /* NoUsageView.swift */; };
		A10B481C2A48861B006F96E5 /* UsageRow.swift in Sources */ = {isa = PBXBuildFile; fileRef = A10B481B2A48861B006F96E5 /* UsageRow.swift */; };
		A10B481E2A488624006F96E5 /* ContentViewToolbar.swift in Sources */ = {isa = PBXBuildFile; fileRef = A10B481D2A488624006F96E5 /* ContentViewToolbar.swift */; };
		A10B48202A48862F006F96E5 /* UsageView.swift in Sources */ = {isa = PBXBuildFile; fileRef = A10B481F2A48862F006F96E5 /* UsageView.swift */; };
		A1319D542A6C127E00DE77AA /* DevelopmentTests.swift in Sources */ = {isa = PBXBuildFile; fileRef = A1319D532A6C127E00DE77AA /* DevelopmentTests.swift */; };
		A13FE7652A56EA5F00A67789 /* LineChartDataPoint.swift in Sources */ = {isa = PBXBuildFile; fileRef = A13FE7642A56EA5F00A67789 /* LineChartDataPoint.swift */; };
		A191FF642A8242BE00778180 /* ExtensionTests.swift in Sources */ = {isa = PBXBuildFile; fileRef = A191FF632A8242BE00778180 /* ExtensionTests.swift */; };
		A1A0338D2A586834009033C4 /* Localizable.strings in Resources */ = {isa = PBXBuildFile; fileRef = A1A0338F2A586834009033C4 /* Localizable.strings */; };
		A1FA7A822A65508600D0B27F /* UsageTrackerTests.swift in Sources */ = {isa = PBXBuildFile; fileRef = A1FA7A812A65508600D0B27F /* UsageTrackerTests.swift */; };
		A1FA7A8A2A6550EE00D0B27F /* CategoryTests.swift in Sources */ = {isa = PBXBuildFile; fileRef = A1FA7A892A6550EE00D0B27F /* CategoryTests.swift */; };
/* End PBXBuildFile section */

/* Begin PBXContainerItemProxy section */
		A1FA7A832A65508600D0B27F /* PBXContainerItemProxy */ = {
			isa = PBXContainerItemProxy;
			containerPortal = A10B47ED2A485233006F96E5 /* Project object */;
			proxyType = 1;
			remoteGlobalIDString = A10B47F42A485233006F96E5;
			remoteInfo = UsageTracker;
		};
/* End PBXContainerItemProxy section */

/* Begin PBXFileReference section */
		A10B47F52A485233006F96E5 /* UsageTracker.app */ = {isa = PBXFileReference; explicitFileType = wrapper.application; includeInIndex = 0; path = UsageTracker.app; sourceTree = BUILT_PRODUCTS_DIR; };
		A10B47F82A485233006F96E5 /* UsageTrackerApp.swift */ = {isa = PBXFileReference; lastKnownFileType = sourcecode.swift; path = UsageTrackerApp.swift; sourceTree = "<group>"; };
		A10B47FA2A485233006F96E5 /* ContentView.swift */ = {isa = PBXFileReference; lastKnownFileType = sourcecode.swift; path = ContentView.swift; sourceTree = "<group>"; };
		A10B47FC2A485234006F96E5 /* Assets.xcassets */ = {isa = PBXFileReference; lastKnownFileType = folder.assetcatalog; path = Assets.xcassets; sourceTree = "<group>"; };
		A10B47FF2A485234006F96E5 /* Preview Assets.xcassets */ = {isa = PBXFileReference; lastKnownFileType = folder.assetcatalog; path = "Preview Assets.xcassets"; sourceTree = "<group>"; };
		A10B48072A485248006F96E5 /* Model.xcdatamodel */ = {isa = PBXFileReference; lastKnownFileType = wrapper.xcdatamodel; path = Model.xcdatamodel; sourceTree = "<group>"; };
		A10B48092A485333006F96E5 /* DataController.swift */ = {isa = PBXFileReference; lastKnownFileType = sourcecode.swift; path = DataController.swift; sourceTree = "<group>"; };
		A10B480B2A4877A2006F96E5 /* Filter.swift */ = {isa = PBXFileReference; lastKnownFileType = sourcecode.swift; path = Filter.swift; sourceTree = "<group>"; };
		A10B480D2A487A51006F96E5 /* UsageCategory-CoreDataHelpers.swift */ = {isa = PBXFileReference; lastKnownFileType = sourcecode.swift; path = "UsageCategory-CoreDataHelpers.swift"; sourceTree = "<group>"; };
		A10B480F2A487A5E006F96E5 /* Usage-CoreDataHelpers.swift */ = {isa = PBXFileReference; lastKnownFileType = sourcecode.swift; path = "Usage-CoreDataHelpers.swift"; sourceTree = "<group>"; };
		A10B48112A4885C3006F96E5 /* SidebarView.swift */ = {isa = PBXFileReference; lastKnownFileType = sourcecode.swift; path = SidebarView.swift; sourceTree = "<group>"; };
		A10B48132A4885D7006F96E5 /* SmartFilterRow.swift */ = {isa = PBXFileReference; lastKnownFileType = sourcecode.swift; path = SmartFilterRow.swift; sourceTree = "<group>"; };
		A10B48152A4885ED006F96E5 /* CategoryFilterRow.swift */ = {isa = PBXFileReference; lastKnownFileType = sourcecode.swift; path = CategoryFilterRow.swift; sourceTree = "<group>"; };
		A10B48172A4885F9006F96E5 /* DetailView.swift */ = {isa = PBXFileReference; lastKnownFileType = sourcecode.swift; path = DetailView.swift; sourceTree = "<group>"; };
		A10B48192A48860F006F96E5 /* NoUsageView.swift */ = {isa = PBXFileReference; lastKnownFileType = sourcecode.swift; path = NoUsageView.swift; sourceTree = "<group>"; };
		A10B481B2A48861B006F96E5 /* UsageRow.swift */ = {isa = PBXFileReference; lastKnownFileType = sourcecode.swift; path = UsageRow.swift; sourceTree = "<group>"; };
		A10B481D2A488624006F96E5 /* ContentViewToolbar.swift */ = {isa = PBXFileReference; lastKnownFileType = sourcecode.swift; path = ContentViewToolbar.swift; sourceTree = "<group>"; };
		A10B481F2A48862F006F96E5 /* UsageView.swift */ = {isa = PBXFileReference; lastKnownFileType = sourcecode.swift; path = UsageView.swift; sourceTree = "<group>"; };
		A1319D532A6C127E00DE77AA /* DevelopmentTests.swift */ = {isa = PBXFileReference; lastKnownFileType = sourcecode.swift; path = DevelopmentTests.swift; sourceTree = "<group>"; };
		A13FE7642A56EA5F00A67789 /* LineChartDataPoint.swift */ = {isa = PBXFileReference; lastKnownFileType = sourcecode.swift; path = LineChartDataPoint.swift; sourceTree = "<group>"; };
		A191FF632A8242BE00778180 /* ExtensionTests.swift */ = {isa = PBXFileReference; lastKnownFileType = sourcecode.swift; path = ExtensionTests.swift; sourceTree = "<group>"; };
		A1A0338E2A586834009033C4 /* en */ = {isa = PBXFileReference; lastKnownFileType = text.plist.strings; name = en; path = en.lproj/Localizable.strings; sourceTree = "<group>"; };
		A1A033902A586837009033C4 /* zh-HK */ = {isa = PBXFileReference; lastKnownFileType = text.plist.strings; name = "zh-HK"; path = "zh-HK.lproj/Localizable.strings"; sourceTree = "<group>"; };
		A1A033912A586838009033C4 /* ja */ = {isa = PBXFileReference; lastKnownFileType = text.plist.strings; name = ja; path = ja.lproj/Localizable.strings; sourceTree = "<group>"; };
		A1CBFBA82A49E8CC00F2EB11 /* UsageTracker.entitlements */ = {isa = PBXFileReference; lastKnownFileType = text.plist.entitlements; path = UsageTracker.entitlements; sourceTree = "<group>"; };
		A1FA7A7F2A65508600D0B27F /* UsageTrackerTests.xctest */ = {isa = PBXFileReference; explicitFileType = wrapper.cfbundle; includeInIndex = 0; path = UsageTrackerTests.xctest; sourceTree = BUILT_PRODUCTS_DIR; };
		A1FA7A812A65508600D0B27F /* UsageTrackerTests.swift */ = {isa = PBXFileReference; lastKnownFileType = sourcecode.swift; path = UsageTrackerTests.swift; sourceTree = "<group>"; };
		A1FA7A882A6550C000D0B27F /* UsageTracker.xctestplan */ = {isa = PBXFileReference; lastKnownFileType = text; path = UsageTracker.xctestplan; sourceTree = "<group>"; };
		A1FA7A892A6550EE00D0B27F /* CategoryTests.swift */ = {isa = PBXFileReference; lastKnownFileType = sourcecode.swift; path = CategoryTests.swift; sourceTree = "<group>"; };
/* End PBXFileReference section */

/* Begin PBXFrameworksBuildPhase section */
		A10B47F22A485233006F96E5 /* Frameworks */ = {
			isa = PBXFrameworksBuildPhase;
			buildActionMask = 2147483647;
			files = (
			);
			runOnlyForDeploymentPostprocessing = 0;
		};
		A1FA7A7C2A65508600D0B27F /* Frameworks */ = {
			isa = PBXFrameworksBuildPhase;
			buildActionMask = 2147483647;
			files = (
			);
			runOnlyForDeploymentPostprocessing = 0;
		};
/* End PBXFrameworksBuildPhase section */

/* Begin PBXGroup section */
		A10B47EC2A485233006F96E5 = {
			isa = PBXGroup;
			children = (
				A10B47F72A485233006F96E5 /* UsageTracker */,
				A1FA7A802A65508600D0B27F /* UsageTrackerTests */,
				A10B47F62A485233006F96E5 /* Products */,
			);
			sourceTree = "<group>";
		};
		A10B47F62A485233006F96E5 /* Products */ = {
			isa = PBXGroup;
			children = (
				A10B47F52A485233006F96E5 /* UsageTracker.app */,
				A1FA7A7F2A65508600D0B27F /* UsageTrackerTests.xctest */,
			);
			name = Products;
			sourceTree = "<group>";
		};
		A10B47F72A485233006F96E5 /* UsageTracker */ = {
			isa = PBXGroup;
			children = (
				A1A033882A5859AE009033C4 /* Filter */,
				A1A033872A585988009033C4 /* Exetnsions */,
				A1A033892A585A17009033C4 /* Usages */,
				A1A0338A2A585A45009033C4 /* Editing */,
				A1A0338B2A585A96009033C4 /* Configuration */,
				A1A0338C2A586729009033C4 /* Localization */,
				A10B48092A485333006F96E5 /* DataController.swift */,
				A10B47F82A485233006F96E5 /* UsageTrackerApp.swift */,
				A10B47FC2A485234006F96E5 /* Assets.xcassets */,
				A10B47FE2A485234006F96E5 /* Preview Content */,
			);
			path = UsageTracker;
			sourceTree = "<group>";
		};
		A10B47FE2A485234006F96E5 /* Preview Content */ = {
			isa = PBXGroup;
			children = (
				A10B47FF2A485234006F96E5 /* Preview Assets.xcassets */,
			);
			path = "Preview Content";
			sourceTree = "<group>";
		};
		A1A033872A585988009033C4 /* Exetnsions */ = {
			isa = PBXGroup;
			children = (
				A10B480D2A487A51006F96E5 /* UsageCategory-CoreDataHelpers.swift */,
				A10B480F2A487A5E006F96E5 /* Usage-CoreDataHelpers.swift */,
				A13FE7642A56EA5F00A67789 /* LineChartDataPoint.swift */,
			);
			path = Exetnsions;
			sourceTree = "<group>";
		};
		A1A033882A5859AE009033C4 /* Filter */ = {
			isa = PBXGroup;
			children = (
				A10B480B2A4877A2006F96E5 /* Filter.swift */,
				A10B48112A4885C3006F96E5 /* SidebarView.swift */,
				A10B48132A4885D7006F96E5 /* SmartFilterRow.swift */,
				A10B48152A4885ED006F96E5 /* CategoryFilterRow.swift */,
			);
			path = Filter;
			sourceTree = "<group>";
		};
		A1A033892A585A17009033C4 /* Usages */ = {
			isa = PBXGroup;
			children = (
				A10B47FA2A485233006F96E5 /* ContentView.swift */,
				A10B481D2A488624006F96E5 /* ContentViewToolbar.swift */,
				A10B481B2A48861B006F96E5 /* UsageRow.swift */,
			);
			path = Usages;
			sourceTree = "<group>";
		};
		A1A0338A2A585A45009033C4 /* Editing */ = {
			isa = PBXGroup;
			children = (
				A10B48172A4885F9006F96E5 /* DetailView.swift */,
				A10B481F2A48862F006F96E5 /* UsageView.swift */,
				A10B48192A48860F006F96E5 /* NoUsageView.swift */,
			);
			path = Editing;
			sourceTree = "<group>";
		};
		A1A0338B2A585A96009033C4 /* Configuration */ = {
			isa = PBXGroup;
			children = (
				A10B48062A485248006F96E5 /* Model.xcdatamodeld */,
				A1CBFBA82A49E8CC00F2EB11 /* UsageTracker.entitlements */,
			);
			path = Configuration;
			sourceTree = "<group>";
		};
		A1A0338C2A586729009033C4 /* Localization */ = {
			isa = PBXGroup;
			children = (
				A1A0338F2A586834009033C4 /* Localizable.strings */,
			);
			path = Localization;
			sourceTree = "<group>";
		};
		A1FA7A802A65508600D0B27F /* UsageTrackerTests */ = {
			isa = PBXGroup;
			children = (
				A1FA7A882A6550C000D0B27F /* UsageTracker.xctestplan */,
				A1FA7A812A65508600D0B27F /* UsageTrackerTests.swift */,
				A1FA7A892A6550EE00D0B27F /* CategoryTests.swift */,
				A1319D532A6C127E00DE77AA /* DevelopmentTests.swift */,
				A191FF632A8242BE00778180 /* ExtensionTests.swift */,
			);
			path = UsageTrackerTests;
			sourceTree = "<group>";
		};
/* End PBXGroup section */

/* Begin PBXNativeTarget section */
		A10B47F42A485233006F96E5 /* UsageTracker */ = {
			isa = PBXNativeTarget;
			buildConfigurationList = A10B48032A485234006F96E5 /* Build configuration list for PBXNativeTarget "UsageTracker" */;
			buildPhases = (
				A10B47F12A485233006F96E5 /* Sources */,
				A10B47F22A485233006F96E5 /* Frameworks */,
				A10B47F32A485233006F96E5 /* Resources */,
				A1A033842A5856C9009033C4 /* SwiftLint */,
			);
			buildRules = (
			);
			dependencies = (
			);
			name = UsageTracker;
			packageProductDependencies = (
			);
			productName = UsageTracker;
			productReference = A10B47F52A485233006F96E5 /* UsageTracker.app */;
			productType = "com.apple.product-type.application";
		};
		A1FA7A7E2A65508600D0B27F /* UsageTrackerTests */ = {
			isa = PBXNativeTarget;
			buildConfigurationList = A1FA7A872A65508600D0B27F /* Build configuration list for PBXNativeTarget "UsageTrackerTests" */;
			buildPhases = (
				A1FA7A7B2A65508600D0B27F /* Sources */,
				A1FA7A7C2A65508600D0B27F /* Frameworks */,
				A1FA7A7D2A65508600D0B27F /* Resources */,
			);
			buildRules = (
			);
			dependencies = (
				A1FA7A842A65508600D0B27F /* PBXTargetDependency */,
			);
			name = UsageTrackerTests;
			productName = UsageTrackerTests;
			productReference = A1FA7A7F2A65508600D0B27F /* UsageTrackerTests.xctest */;
			productType = "com.apple.product-type.bundle.unit-test";
		};
/* End PBXNativeTarget section */

/* Begin PBXProject section */
		A10B47ED2A485233006F96E5 /* Project object */ = {
			isa = PBXProject;
			attributes = {
				BuildIndependentTargetsInParallel = 1;
				LastSwiftUpdateCheck = 1430;
				LastUpgradeCheck = 1430;
				TargetAttributes = {
					A10B47F42A485233006F96E5 = {
						CreatedOnToolsVersion = 14.3.1;
					};
					A1FA7A7E2A65508600D0B27F = {
						CreatedOnToolsVersion = 14.3.1;
						TestTargetID = A10B47F42A485233006F96E5;
					};
				};
			};
			buildConfigurationList = A10B47F02A485233006F96E5 /* Build configuration list for PBXProject "UsageTracker" */;
			compatibilityVersion = "Xcode 14.0";
			developmentRegion = en;
			hasScannedForEncodings = 0;
			knownRegions = (
				en,
				Base,
				"zh-HK",
				ja,
			);
			mainGroup = A10B47EC2A485233006F96E5;
			packageReferences = (
			);
			productRefGroup = A10B47F62A485233006F96E5 /* Products */;
			projectDirPath = "";
			projectRoot = "";
			targets = (
				A10B47F42A485233006F96E5 /* UsageTracker */,
				A1FA7A7E2A65508600D0B27F /* UsageTrackerTests */,
			);
		};
/* End PBXProject section */

/* Begin PBXResourcesBuildPhase section */
		A10B47F32A485233006F96E5 /* Resources */ = {
			isa = PBXResourcesBuildPhase;
			buildActionMask = 2147483647;
			files = (
				A10B48002A485234006F96E5 /* Preview Assets.xcassets in Resources */,
				A1A0338D2A586834009033C4 /* Localizable.strings in Resources */,
				A10B47FD2A485234006F96E5 /* Assets.xcassets in Resources */,
			);
			runOnlyForDeploymentPostprocessing = 0;
		};
		A1FA7A7D2A65508600D0B27F /* Resources */ = {
			isa = PBXResourcesBuildPhase;
			buildActionMask = 2147483647;
			files = (
			);
			runOnlyForDeploymentPostprocessing = 0;
		};
/* End PBXResourcesBuildPhase section */

/* Begin PBXShellScriptBuildPhase section */
		A1A033842A5856C9009033C4 /* SwiftLint */ = {
			isa = PBXShellScriptBuildPhase;
			alwaysOutOfDate = 1;
			buildActionMask = 2147483647;
			files = (
			);
			inputFileListPaths = (
			);
			inputPaths = (
			);
			name = SwiftLint;
			outputFileListPaths = (
			);
			outputPaths = (
			);
			runOnlyForDeploymentPostprocessing = 0;
			shellPath = /bin/sh;
			shellScript = "# Type a script or drag a script file from your workspace to insert its path.\nif [[ \"$(uname -m)\" == arm64 ]]; then\n    export PATH=\"/opt/homebrew/bin:$PATH\"\nfi\n\nif which swiftlint > /dev/null; then\n  swiftlint\nelse\n  echo \"warning: SwiftLint not installed, download from https://github.com/realm/SwiftLint\"\nfi\n";
		};
/* End PBXShellScriptBuildPhase section */

/* Begin PBXSourcesBuildPhase section */
		A10B47F12A485233006F96E5 /* Sources */ = {
			isa = PBXSourcesBuildPhase;
			buildActionMask = 2147483647;
			files = (
				A10B48162A4885ED006F96E5 /* CategoryFilterRow.swift in Sources */,
				A10B481A2A48860F006F96E5 /* NoUsageView.swift in Sources */,
				A10B47FB2A485233006F96E5 /* ContentView.swift in Sources */,
				A13FE7652A56EA5F00A67789 /* LineChartDataPoint.swift in Sources */,
				A10B48122A4885C3006F96E5 /* SidebarView.swift in Sources */,
				A10B48142A4885D7006F96E5 /* SmartFilterRow.swift in Sources */,
				A10B480C2A4877A2006F96E5 /* Filter.swift in Sources */,
				A10B48182A4885F9006F96E5 /* DetailView.swift in Sources */,
				A10B48202A48862F006F96E5 /* UsageView.swift in Sources */,
				A10B480E2A487A51006F96E5 /* UsageCategory-CoreDataHelpers.swift in Sources */,
				A10B48102A487A5E006F96E5 /* Usage-CoreDataHelpers.swift in Sources */,
				A10B480A2A485333006F96E5 /* DataController.swift in Sources */,
				A10B481E2A488624006F96E5 /* ContentViewToolbar.swift in Sources */,
				A10B481C2A48861B006F96E5 /* UsageRow.swift in Sources */,
				A10B47F92A485233006F96E5 /* UsageTrackerApp.swift in Sources */,
				A10B48082A485248006F96E5 /* Model.xcdatamodeld in Sources */,
			);
			runOnlyForDeploymentPostprocessing = 0;
		};
		A1FA7A7B2A65508600D0B27F /* Sources */ = {
			isa = PBXSourcesBuildPhase;
			buildActionMask = 2147483647;
			files = (
				A1FA7A822A65508600D0B27F /* UsageTrackerTests.swift in Sources */,
				A1FA7A8A2A6550EE00D0B27F /* CategoryTests.swift in Sources */,
				A1319D542A6C127E00DE77AA /* DevelopmentTests.swift in Sources */,
				A191FF642A8242BE00778180 /* ExtensionTests.swift in Sources */,
			);
			runOnlyForDeploymentPostprocessing = 0;
		};
/* End PBXSourcesBuildPhase section */

/* Begin PBXTargetDependency section */
		A1FA7A842A65508600D0B27F /* PBXTargetDependency */ = {
			isa = PBXTargetDependency;
			target = A10B47F42A485233006F96E5 /* UsageTracker */;
			targetProxy = A1FA7A832A65508600D0B27F /* PBXContainerItemProxy */;
		};
/* End PBXTargetDependency section */

/* Begin PBXVariantGroup section */
		A1A0338F2A586834009033C4 /* Localizable.strings */ = {
			isa = PBXVariantGroup;
			children = (
				A1A0338E2A586834009033C4 /* en */,
				A1A033902A586837009033C4 /* zh-HK */,
				A1A033912A586838009033C4 /* ja */,
			);
			name = Localizable.strings;
			sourceTree = "<group>";
		};
/* End PBXVariantGroup section */

/* Begin XCBuildConfiguration section */
		A10B48012A485234006F96E5 /* Debug */ = {
			isa = XCBuildConfiguration;
			buildSettings = {
				ALWAYS_SEARCH_USER_PATHS = NO;
				CLANG_ANALYZER_NONNULL = YES;
				CLANG_ANALYZER_NUMBER_OBJECT_CONVERSION = YES_AGGRESSIVE;
				CLANG_CXX_LANGUAGE_STANDARD = "gnu++20";
				CLANG_ENABLE_MODULES = YES;
				CLANG_ENABLE_OBJC_ARC = YES;
				CLANG_ENABLE_OBJC_WEAK = YES;
				CLANG_WARN_BLOCK_CAPTURE_AUTORELEASING = YES;
				CLANG_WARN_BOOL_CONVERSION = YES;
				CLANG_WARN_COMMA = YES;
				CLANG_WARN_CONSTANT_CONVERSION = YES;
				CLANG_WARN_DEPRECATED_OBJC_IMPLEMENTATIONS = YES;
				CLANG_WARN_DIRECT_OBJC_ISA_USAGE = YES_ERROR;
				CLANG_WARN_DOCUMENTATION_COMMENTS = YES;
				CLANG_WARN_EMPTY_BODY = YES;
				CLANG_WARN_ENUM_CONVERSION = YES;
				CLANG_WARN_INFINITE_RECURSION = YES;
				CLANG_WARN_INT_CONVERSION = YES;
				CLANG_WARN_NON_LITERAL_NULL_CONVERSION = YES;
				CLANG_WARN_OBJC_IMPLICIT_RETAIN_SELF = YES;
				CLANG_WARN_OBJC_LITERAL_CONVERSION = YES;
				CLANG_WARN_OBJC_ROOT_CLASS = YES_ERROR;
				CLANG_WARN_QUOTED_INCLUDE_IN_FRAMEWORK_HEADER = YES;
				CLANG_WARN_RANGE_LOOP_ANALYSIS = YES;
				CLANG_WARN_STRICT_PROTOTYPES = YES;
				CLANG_WARN_SUSPICIOUS_MOVE = YES;
				CLANG_WARN_UNGUARDED_AVAILABILITY = YES_AGGRESSIVE;
				CLANG_WARN_UNREACHABLE_CODE = YES;
				CLANG_WARN__DUPLICATE_METHOD_MATCH = YES;
				COPY_PHASE_STRIP = NO;
				DEBUG_INFORMATION_FORMAT = dwarf;
				ENABLE_STRICT_OBJC_MSGSEND = YES;
				ENABLE_TESTABILITY = YES;
				GCC_C_LANGUAGE_STANDARD = gnu11;
				GCC_DYNAMIC_NO_PIC = NO;
				GCC_NO_COMMON_BLOCKS = YES;
				GCC_OPTIMIZATION_LEVEL = 0;
				GCC_PREPROCESSOR_DEFINITIONS = (
					"DEBUG=1",
					"$(inherited)",
				);
				GCC_WARN_64_TO_32_BIT_CONVERSION = YES;
				GCC_WARN_ABOUT_RETURN_TYPE = YES_ERROR;
				GCC_WARN_UNDECLARED_SELECTOR = YES;
				GCC_WARN_UNINITIALIZED_AUTOS = YES_AGGRESSIVE;
				GCC_WARN_UNUSED_FUNCTION = YES;
				GCC_WARN_UNUSED_VARIABLE = YES;
				IPHONEOS_DEPLOYMENT_TARGET = 16.4;
				MTL_ENABLE_DEBUG_INFO = INCLUDE_SOURCE;
				MTL_FAST_MATH = YES;
				ONLY_ACTIVE_ARCH = YES;
				SDKROOT = iphoneos;
				SWIFT_ACTIVE_COMPILATION_CONDITIONS = DEBUG;
				SWIFT_OPTIMIZATION_LEVEL = "-Onone";
			};
			name = Debug;
		};
		A10B48022A485234006F96E5 /* Release */ = {
			isa = XCBuildConfiguration;
			buildSettings = {
				ALWAYS_SEARCH_USER_PATHS = NO;
				CLANG_ANALYZER_NONNULL = YES;
				CLANG_ANALYZER_NUMBER_OBJECT_CONVERSION = YES_AGGRESSIVE;
				CLANG_CXX_LANGUAGE_STANDARD = "gnu++20";
				CLANG_ENABLE_MODULES = YES;
				CLANG_ENABLE_OBJC_ARC = YES;
				CLANG_ENABLE_OBJC_WEAK = YES;
				CLANG_WARN_BLOCK_CAPTURE_AUTORELEASING = YES;
				CLANG_WARN_BOOL_CONVERSION = YES;
				CLANG_WARN_COMMA = YES;
				CLANG_WARN_CONSTANT_CONVERSION = YES;
				CLANG_WARN_DEPRECATED_OBJC_IMPLEMENTATIONS = YES;
				CLANG_WARN_DIRECT_OBJC_ISA_USAGE = YES_ERROR;
				CLANG_WARN_DOCUMENTATION_COMMENTS = YES;
				CLANG_WARN_EMPTY_BODY = YES;
				CLANG_WARN_ENUM_CONVERSION = YES;
				CLANG_WARN_INFINITE_RECURSION = YES;
				CLANG_WARN_INT_CONVERSION = YES;
				CLANG_WARN_NON_LITERAL_NULL_CONVERSION = YES;
				CLANG_WARN_OBJC_IMPLICIT_RETAIN_SELF = YES;
				CLANG_WARN_OBJC_LITERAL_CONVERSION = YES;
				CLANG_WARN_OBJC_ROOT_CLASS = YES_ERROR;
				CLANG_WARN_QUOTED_INCLUDE_IN_FRAMEWORK_HEADER = YES;
				CLANG_WARN_RANGE_LOOP_ANALYSIS = YES;
				CLANG_WARN_STRICT_PROTOTYPES = YES;
				CLANG_WARN_SUSPICIOUS_MOVE = YES;
				CLANG_WARN_UNGUARDED_AVAILABILITY = YES_AGGRESSIVE;
				CLANG_WARN_UNREACHABLE_CODE = YES;
				CLANG_WARN__DUPLICATE_METHOD_MATCH = YES;
				COPY_PHASE_STRIP = NO;
				DEBUG_INFORMATION_FORMAT = "dwarf-with-dsym";
				ENABLE_NS_ASSERTIONS = NO;
				ENABLE_STRICT_OBJC_MSGSEND = YES;
				GCC_C_LANGUAGE_STANDARD = gnu11;
				GCC_NO_COMMON_BLOCKS = YES;
				GCC_WARN_64_TO_32_BIT_CONVERSION = YES;
				GCC_WARN_ABOUT_RETURN_TYPE = YES_ERROR;
				GCC_WARN_UNDECLARED_SELECTOR = YES;
				GCC_WARN_UNINITIALIZED_AUTOS = YES_AGGRESSIVE;
				GCC_WARN_UNUSED_FUNCTION = YES;
				GCC_WARN_UNUSED_VARIABLE = YES;
				IPHONEOS_DEPLOYMENT_TARGET = 16.4;
				MTL_ENABLE_DEBUG_INFO = NO;
				MTL_FAST_MATH = YES;
				SDKROOT = iphoneos;
				SWIFT_COMPILATION_MODE = wholemodule;
				SWIFT_OPTIMIZATION_LEVEL = "-O";
				VALIDATE_PRODUCT = YES;
			};
			name = Release;
		};
		A10B48042A485234006F96E5 /* Debug */ = {
			isa = XCBuildConfiguration;
			buildSettings = {
				ASSETCATALOG_COMPILER_APPICON_NAME = AppIcon;
				ASSETCATALOG_COMPILER_GLOBAL_ACCENT_COLOR_NAME = AccentColor;
				CODE_SIGN_ENTITLEMENTS = UsageTracker/Configuration/UsageTracker.entitlements;
				CODE_SIGN_STYLE = Automatic;
				CURRENT_PROJECT_VERSION = 1;
				DEVELOPMENT_ASSET_PATHS = "\"UsageTracker/Preview Content\"";
				DEVELOPMENT_TEAM = TK2KPBET54;
				ENABLE_PREVIEWS = YES;
				GENERATE_INFOPLIST_FILE = YES;
				INFOPLIST_KEY_UIApplicationSceneManifest_Generation = YES;
				INFOPLIST_KEY_UIApplicationSupportsIndirectInputEvents = YES;
				INFOPLIST_KEY_UILaunchScreen_Generation = YES;
				INFOPLIST_KEY_UISupportedInterfaceOrientations_iPad = "UIInterfaceOrientationPortrait UIInterfaceOrientationPortraitUpsideDown UIInterfaceOrientationLandscapeLeft UIInterfaceOrientationLandscapeRight";
				INFOPLIST_KEY_UISupportedInterfaceOrientations_iPhone = "UIInterfaceOrientationPortrait UIInterfaceOrientationLandscapeLeft UIInterfaceOrientationLandscapeRight";
				LD_RUNPATH_SEARCH_PATHS = (
					"$(inherited)",
					"@executable_path/Frameworks",
				);
				MARKETING_VERSION = 1.0;
				PRODUCT_BUNDLE_IDENTIFIER = com.samh007.UsageTracker;
				PRODUCT_NAME = "$(TARGET_NAME)";
				SWIFT_EMIT_LOC_STRINGS = YES;
				SWIFT_VERSION = 5.0;
				TARGETED_DEVICE_FAMILY = "1,2";
			};
			name = Debug;
		};
		A10B48052A485234006F96E5 /* Release */ = {
			isa = XCBuildConfiguration;
			buildSettings = {
				ASSETCATALOG_COMPILER_APPICON_NAME = AppIcon;
				ASSETCATALOG_COMPILER_GLOBAL_ACCENT_COLOR_NAME = AccentColor;
				CODE_SIGN_ENTITLEMENTS = UsageTracker/Configuration/UsageTracker.entitlements;
				CODE_SIGN_STYLE = Automatic;
				CURRENT_PROJECT_VERSION = 1;
				DEVELOPMENT_ASSET_PATHS = "\"UsageTracker/Preview Content\"";
				DEVELOPMENT_TEAM = TK2KPBET54;
				ENABLE_PREVIEWS = YES;
				GENERATE_INFOPLIST_FILE = YES;
				INFOPLIST_KEY_UIApplicationSceneManifest_Generation = YES;
				INFOPLIST_KEY_UIApplicationSupportsIndirectInputEvents = YES;
				INFOPLIST_KEY_UILaunchScreen_Generation = YES;
				INFOPLIST_KEY_UISupportedInterfaceOrientations_iPad = "UIInterfaceOrientationPortrait UIInterfaceOrientationPortraitUpsideDown UIInterfaceOrientationLandscapeLeft UIInterfaceOrientationLandscapeRight";
				INFOPLIST_KEY_UISupportedInterfaceOrientations_iPhone = "UIInterfaceOrientationPortrait UIInterfaceOrientationLandscapeLeft UIInterfaceOrientationLandscapeRight";
				LD_RUNPATH_SEARCH_PATHS = (
					"$(inherited)",
					"@executable_path/Frameworks",
				);
				MARKETING_VERSION = 1.0;
				PRODUCT_BUNDLE_IDENTIFIER = com.samh007.UsageTracker;
				PRODUCT_NAME = "$(TARGET_NAME)";
				SWIFT_EMIT_LOC_STRINGS = YES;
				SWIFT_VERSION = 5.0;
				TARGETED_DEVICE_FAMILY = "1,2";
			};
			name = Release;
		};
		A1FA7A852A65508600D0B27F /* Debug */ = {
			isa = XCBuildConfiguration;
			buildSettings = {
				BUNDLE_LOADER = "$(TEST_HOST)";
				CODE_SIGN_STYLE = Automatic;
				CURRENT_PROJECT_VERSION = 1;
				DEVELOPMENT_TEAM = TK2KPBET54;
				GENERATE_INFOPLIST_FILE = YES;
				MARKETING_VERSION = 1.0;
				PRODUCT_BUNDLE_IDENTIFIER = com.samh007.UsageTrackerTests;
				PRODUCT_NAME = "$(TARGET_NAME)";
				SWIFT_EMIT_LOC_STRINGS = NO;
				SWIFT_VERSION = 5.0;
				TARGETED_DEVICE_FAMILY = "1,2";
				TEST_HOST = "$(BUILT_PRODUCTS_DIR)/UsageTracker.app/$(BUNDLE_EXECUTABLE_FOLDER_PATH)/UsageTracker";
			};
			name = Debug;
		};
		A1FA7A862A65508600D0B27F /* Release */ = {
			isa = XCBuildConfiguration;
			buildSettings = {
				BUNDLE_LOADER = "$(TEST_HOST)";
				CODE_SIGN_STYLE = Automatic;
				CURRENT_PROJECT_VERSION = 1;
				DEVELOPMENT_TEAM = TK2KPBET54;
				GENERATE_INFOPLIST_FILE = YES;
				MARKETING_VERSION = 1.0;
				PRODUCT_BUNDLE_IDENTIFIER = com.samh007.UsageTrackerTests;
				PRODUCT_NAME = "$(TARGET_NAME)";
				SWIFT_EMIT_LOC_STRINGS = NO;
				SWIFT_VERSION = 5.0;
				TARGETED_DEVICE_FAMILY = "1,2";
				TEST_HOST = "$(BUILT_PRODUCTS_DIR)/UsageTracker.app/$(BUNDLE_EXECUTABLE_FOLDER_PATH)/UsageTracker";
			};
			name = Release;
		};
/* End XCBuildConfiguration section */

/* Begin XCConfigurationList section */
		A10B47F02A485233006F96E5 /* Build configuration list for PBXProject "UsageTracker" */ = {
			isa = XCConfigurationList;
			buildConfigurations = (
				A10B48012A485234006F96E5 /* Debug */,
				A10B48022A485234006F96E5 /* Release */,
			);
			defaultConfigurationIsVisible = 0;
			defaultConfigurationName = Release;
		};
		A10B48032A485234006F96E5 /* Build configuration list for PBXNativeTarget "UsageTracker" */ = {
			isa = XCConfigurationList;
			buildConfigurations = (
				A10B48042A485234006F96E5 /* Debug */,
				A10B48052A485234006F96E5 /* Release */,
			);
			defaultConfigurationIsVisible = 0;
			defaultConfigurationName = Release;
		};
		A1FA7A872A65508600D0B27F /* Build configuration list for PBXNativeTarget "UsageTrackerTests" */ = {
			isa = XCConfigurationList;
			buildConfigurations = (
				A1FA7A852A65508600D0B27F /* Debug */,
				A1FA7A862A65508600D0B27F /* Release */,
			);
			defaultConfigurationIsVisible = 0;
			defaultConfigurationName = Release;
		};
/* End XCConfigurationList section */

/* Begin XCVersionGroup section */
		A10B48062A485248006F96E5 /* Model.xcdatamodeld */ = {
			isa = XCVersionGroup;
			children = (
				A10B48072A485248006F96E5 /* Model.xcdatamodel */,
			);
			currentVersion = A10B48072A485248006F96E5 /* Model.xcdatamodel */;
			path = Model.xcdatamodeld;
			sourceTree = "<group>";
			versionGroupType = wrapper.xcdatamodel;
		};
/* End XCVersionGroup section */
	};
	rootObject = A10B47ED2A485233006F96E5 /* Project object */;
}
